
Microsoft Visual Studio Solution File, Format Version 12.00
# Visual Studio 15
VisualStudioVersion = 15.0.28307.136
MinimumVisualStudioVersion = 10.0.40219.1
Project("{9A19103F-16F7-4668-BE54-9A1E7A4F7556}") = "Checkout.API", "Checkout.API\Checkout.API.csproj", "{92B1FBFB-C13F-40FD-A95D-52D4C291E8FC}"
EndProject
Project("{FAE04EC0-301F-11D3-BF4B-00C04F79EFBC}") = "Checkout.API.Tests", "..\Checkout.API.Tests\Checkout.API.Tests.csproj", "{90AB8B4B-D117-4ABB-98AD-5665FFF6F437}"
EndProject
Global
	GlobalSection(SolutionConfigurationPlatforms) = preSolution
		Debug|Any CPU = Debug|Any CPU
		Release|Any CPU = Release|Any CPU
	EndGlobalSection
	GlobalSection(ProjectConfigurationPlatforms) = postSolution
		{92B1FBFB-C13F-40FD-A95D-52D4C291E8FC}.Debug|Any CPU.ActiveCfg = Debug|Any CPU
		{92B1FBFB-C13F-40FD-A95D-52D4C291E8FC}.Debug|Any CPU.Build.0 = Debug|Any CPU
		{92B1FBFB-C13F-40FD-A95D-52D4C291E8FC}.Release|Any CPU.ActiveCfg = Release|Any CPU
		{92B1FBFB-C13F-40FD-A95D-52D4C291E8FC}.Release|Any CPU.Build.0 = Release|Any CPU
		{90AB8B4B-D117-4ABB-98AD-5665FFF6F437}.Debug|Any CPU.ActiveCfg = Debug|Any CPU
		{90AB8B4B-D117-4ABB-98AD-5665FFF6F437}.Debug|Any CPU.Build.0 = Debug|Any CPU
		{90AB8B4B-D117-4ABB-98AD-5665FFF6F437}.Release|Any CPU.ActiveCfg = Release|Any CPU
		{90AB8B4B-D117-4ABB-98AD-5665FFF6F437}.Release|Any CPU.Build.0 = Release|Any CPU
	EndGlobalSection
	GlobalSection(SolutionProperties) = preSolution
		HideSolutionNode = FALSE
	EndGlobalSection
	GlobalSection(ExtensibilityGlobals) = postSolution
		SolutionGuid = {6F017216-6692-47A1-8F94-C85ED43E1BF8}
	EndGlobalSection
EndGlobal
